
Microsoft Visual Studio Solution File, Format Version 12.00
# Visual Studio Version 16
VisualStudioVersion = 16.0.32413.511
MinimumVisualStudioVersion = 10.0.40219.1
Project("{FAE04EC0-301F-11D3-BF4B-00C04F79EFBC}") = "GenerateChangedFiles", "GenerateChangedFiles\GenerateChangedFiles.csproj", "{32D78BA7-E6AA-4CE6-8411-072EA9A81EAA}"
EndProject
Global
	GlobalSection(SolutionConfigurationPlatforms) = preSolution
		Debug|Any CPU = Debug|Any CPU
		Release|Any CPU = Release|Any CPU
	EndGlobalSection
	GlobalSection(ProjectConfigurationPlatforms) = postSolution
		{32D78BA7-E6AA-4CE6-8411-072EA9A81EAA}.Debug|Any CPU.ActiveCfg = Debug|Any CPU
		{32D78BA7-E6AA-4CE6-8411-072EA9A81EAA}.Debug|Any CPU.Build.0 = Debug|Any CPU
		{32D78BA7-E6AA-4CE6-8411-072EA9A81EAA}.Release|Any CPU.ActiveCfg = Release|Any CPU
		{32D78BA7-E6AA-4CE6-8411-072EA9A81EAA}.Release|Any CPU.Build.0 = Release|Any CPU
	EndGlobalSection
	GlobalSection(SolutionProperties) = preSolution
		HideSolutionNode = FALSE
	EndGlobalSection
	GlobalSection(ExtensibilityGlobals) = postSolution
		SolutionGuid = {67F899F7-9F2E-418B-8ADF-741F92E20828}
	EndGlobalSection
EndGlobal
